
Microsoft Visual Studio Solution File, Format Version 12.00
# Visual Studio Version 16
VisualStudioVersion = 16.0.30611.23
MinimumVisualStudioVersion = 10.0.40219.1
Project("{FAE04EC0-301F-11D3-BF4B-00C04F79EFBC}") = "BCS.MvcWeb", "BCS.MvcWeb.csproj", "{CAAA7EA4-55DA-47A9-9DB9-F78BDE9459EB}"
EndProject
Global
	GlobalSection(SolutionConfigurationPlatforms) = preSolution
		Debug|Any CPU = Debug|Any CPU
		Release|Any CPU = Release|Any CPU
	EndGlobalSection
	GlobalSection(ProjectConfigurationPlatforms) = postSolution
		{CAAA7EA4-55DA-47A9-9DB9-F78BDE9459EB}.Debug|Any CPU.ActiveCfg = Debug|Any CPU
		{CAAA7EA4-55DA-47A9-9DB9-F78BDE9459EB}.Debug|Any CPU.Build.0 = Debug|Any CPU
		{CAAA7EA4-55DA-47A9-9DB9-F78BDE9459EB}.Release|Any CPU.ActiveCfg = Release|Any CPU
		{CAAA7EA4-55DA-47A9-9DB9-F78BDE9459EB}.Release|Any CPU.Build.0 = Release|Any CPU
	EndGlobalSection
	GlobalSection(SolutionProperties) = preSolution
		HideSolutionNode = FALSE
	EndGlobalSection
	GlobalSection(ExtensibilityGlobals) = postSolution
		SolutionGuid = {BFC3E65D-5E10-4F8E-ACC5-DD2964E41D50}
	EndGlobalSection
EndGlobal
